
Microsoft Visual Studio Solution File, Format Version 12.00
# Visual Studio Version 17
VisualStudioVersion = 17.9.34701.34
MinimumVisualStudioVersion = 10.0.40219.1
Project("{FAE04EC0-301F-11D3-BF4B-00C04F79EFBC}") = "Simple_Calculator", "Simple_Calculator.csproj", "{21C0C5B9-B369-44E5-AE6B-316A25FA8314}"
EndProject
Global
	GlobalSection(SolutionConfigurationPlatforms) = preSolution
		Debug|Any CPU = Debug|Any CPU
		Release|Any CPU = Release|Any CPU
	EndGlobalSection
	GlobalSection(ProjectConfigurationPlatforms) = postSolution
		{21C0C5B9-B369-44E5-AE6B-316A25FA8314}.Debug|Any CPU.ActiveCfg = Debug|Any CPU
		{21C0C5B9-B369-44E5-AE6B-316A25FA8314}.Debug|Any CPU.Build.0 = Debug|Any CPU
		{21C0C5B9-B369-44E5-AE6B-316A25FA8314}.Release|Any CPU.ActiveCfg = Release|Any CPU
		{21C0C5B9-B369-44E5-AE6B-316A25FA8314}.Release|Any CPU.Build.0 = Release|Any CPU
	EndGlobalSection
	GlobalSection(SolutionProperties) = preSolution
		HideSolutionNode = FALSE
	EndGlobalSection
	GlobalSection(ExtensibilityGlobals) = postSolution
		SolutionGuid = {784444CB-2DEE-4372-88EE-E86EAFE16135}
	EndGlobalSection
EndGlobal
